
Microsoft Visual Studio Solution File, Format Version 12.00
# Visual Studio Version 16
VisualStudioVersion = 16.0.31402.337
MinimumVisualStudioVersion = 10.0.40219.1
Project("{8BC9CEB8-8B4A-11D0-8D11-00A0C91BC942}") = "FAL4_07", "FAL4_07\FAL4_07.vcxproj", "{1CDBF948-CC5E-4147-9134-9C11836111F4}"
EndProject
Global
	GlobalSection(SolutionConfigurationPlatforms) = preSolution
		Debug|x64 = Debug|x64
		Debug|x86 = Debug|x86
		Release|x64 = Release|x64
		Release|x86 = Release|x86
	EndGlobalSection
	GlobalSection(ProjectConfigurationPlatforms) = postSolution
		{1CDBF948-CC5E-4147-9134-9C11836111F4}.Debug|x64.ActiveCfg = Debug|x64
		{1CDBF948-CC5E-4147-9134-9C11836111F4}.Debug|x64.Build.0 = Debug|x64
		{1CDBF948-CC5E-4147-9134-9C11836111F4}.Debug|x86.ActiveCfg = Debug|Win32
		{1CDBF948-CC5E-4147-9134-9C11836111F4}.Debug|x86.Build.0 = Debug|Win32
		{1CDBF948-CC5E-4147-9134-9C11836111F4}.Release|x64.ActiveCfg = Release|x64
		{1CDBF948-CC5E-4147-9134-9C11836111F4}.Release|x64.Build.0 = Release|x64
		{1CDBF948-CC5E-4147-9134-9C11836111F4}.Release|x86.ActiveCfg = Release|Win32
		{1CDBF948-CC5E-4147-9134-9C11836111F4}.Release|x86.Build.0 = Release|Win32
	EndGlobalSection
	GlobalSection(SolutionProperties) = preSolution
		HideSolutionNode = FALSE
	EndGlobalSection
	GlobalSection(ExtensibilityGlobals) = postSolution
		SolutionGuid = {CD6940CC-FCDA-483A-B301-C5902E1EF26B}
	EndGlobalSection
EndGlobal
