
Microsoft Visual Studio Solution File, Format Version 12.00
# Visual Studio Version 16
VisualStudioVersion = 16.0.31402.337
MinimumVisualStudioVersion = 10.0.40219.1
Project("{8BC9CEB8-8B4A-11D0-8D11-00A0C91BC942}") = "FAL1_05", "FAL1_05\FAL1_05.vcxproj", "{332B6EB2-245D-4F73-A2AA-8194107935D6}"
EndProject
Global
	GlobalSection(SolutionConfigurationPlatforms) = preSolution
		Debug|x64 = Debug|x64
		Debug|x86 = Debug|x86
		Release|x64 = Release|x64
		Release|x86 = Release|x86
	EndGlobalSection
	GlobalSection(ProjectConfigurationPlatforms) = postSolution
		{332B6EB2-245D-4F73-A2AA-8194107935D6}.Debug|x64.ActiveCfg = Debug|x64
		{332B6EB2-245D-4F73-A2AA-8194107935D6}.Debug|x64.Build.0 = Debug|x64
		{332B6EB2-245D-4F73-A2AA-8194107935D6}.Debug|x86.ActiveCfg = Debug|Win32
		{332B6EB2-245D-4F73-A2AA-8194107935D6}.Debug|x86.Build.0 = Debug|Win32
		{332B6EB2-245D-4F73-A2AA-8194107935D6}.Release|x64.ActiveCfg = Release|x64
		{332B6EB2-245D-4F73-A2AA-8194107935D6}.Release|x64.Build.0 = Release|x64
		{332B6EB2-245D-4F73-A2AA-8194107935D6}.Release|x86.ActiveCfg = Release|Win32
		{332B6EB2-245D-4F73-A2AA-8194107935D6}.Release|x86.Build.0 = Release|Win32
	EndGlobalSection
	GlobalSection(SolutionProperties) = preSolution
		HideSolutionNode = FALSE
	EndGlobalSection
	GlobalSection(ExtensibilityGlobals) = postSolution
		SolutionGuid = {1D1274C3-99BF-401E-9CA3-B4F932B04DB2}
	EndGlobalSection
EndGlobal
