
Microsoft Visual Studio Solution File, Format Version 12.00
# Visual Studio Version 16
VisualStudioVersion = 16.0.31402.337
MinimumVisualStudioVersion = 10.0.40219.1
Project("{8BC9CEB8-8B4A-11D0-8D11-00A0C91BC942}") = "FALEVAL_03", "FALEVAL_03\FALEVAL_03.vcxproj", "{3A024C2E-5BEC-4F1D-A6AE-86A173D1E7D0}"
EndProject
Global
	GlobalSection(SolutionConfigurationPlatforms) = preSolution
		Debug|x64 = Debug|x64
		Debug|x86 = Debug|x86
		Release|x64 = Release|x64
		Release|x86 = Release|x86
	EndGlobalSection
	GlobalSection(ProjectConfigurationPlatforms) = postSolution
		{3A024C2E-5BEC-4F1D-A6AE-86A173D1E7D0}.Debug|x64.ActiveCfg = Debug|x64
		{3A024C2E-5BEC-4F1D-A6AE-86A173D1E7D0}.Debug|x64.Build.0 = Debug|x64
		{3A024C2E-5BEC-4F1D-A6AE-86A173D1E7D0}.Debug|x86.ActiveCfg = Debug|Win32
		{3A024C2E-5BEC-4F1D-A6AE-86A173D1E7D0}.Debug|x86.Build.0 = Debug|Win32
		{3A024C2E-5BEC-4F1D-A6AE-86A173D1E7D0}.Release|x64.ActiveCfg = Release|x64
		{3A024C2E-5BEC-4F1D-A6AE-86A173D1E7D0}.Release|x64.Build.0 = Release|x64
		{3A024C2E-5BEC-4F1D-A6AE-86A173D1E7D0}.Release|x86.ActiveCfg = Release|Win32
		{3A024C2E-5BEC-4F1D-A6AE-86A173D1E7D0}.Release|x86.Build.0 = Release|Win32
	EndGlobalSection
	GlobalSection(SolutionProperties) = preSolution
		HideSolutionNode = FALSE
	EndGlobalSection
	GlobalSection(ExtensibilityGlobals) = postSolution
		SolutionGuid = {8B89C3C5-ED8B-4FE3-990B-55248CF49EE5}
	EndGlobalSection
EndGlobal
