
Microsoft Visual Studio Solution File, Format Version 12.00
# Visual Studio Version 16
VisualStudioVersion = 16.0.31402.337
MinimumVisualStudioVersion = 10.0.40219.1
Project("{8BC9CEB8-8B4A-11D0-8D11-00A0C91BC942}") = "FAL_EVAL_01", "FAL_EVAL_01\FAL_EVAL_01.vcxproj", "{34DBA7F2-8D7E-4F22-B951-C4BC3C5F9450}"
EndProject
Global
	GlobalSection(SolutionConfigurationPlatforms) = preSolution
		Debug|x64 = Debug|x64
		Debug|x86 = Debug|x86
		Release|x64 = Release|x64
		Release|x86 = Release|x86
	EndGlobalSection
	GlobalSection(ProjectConfigurationPlatforms) = postSolution
		{34DBA7F2-8D7E-4F22-B951-C4BC3C5F9450}.Debug|x64.ActiveCfg = Debug|x64
		{34DBA7F2-8D7E-4F22-B951-C4BC3C5F9450}.Debug|x64.Build.0 = Debug|x64
		{34DBA7F2-8D7E-4F22-B951-C4BC3C5F9450}.Debug|x86.ActiveCfg = Debug|Win32
		{34DBA7F2-8D7E-4F22-B951-C4BC3C5F9450}.Debug|x86.Build.0 = Debug|Win32
		{34DBA7F2-8D7E-4F22-B951-C4BC3C5F9450}.Release|x64.ActiveCfg = Release|x64
		{34DBA7F2-8D7E-4F22-B951-C4BC3C5F9450}.Release|x64.Build.0 = Release|x64
		{34DBA7F2-8D7E-4F22-B951-C4BC3C5F9450}.Release|x86.ActiveCfg = Release|Win32
		{34DBA7F2-8D7E-4F22-B951-C4BC3C5F9450}.Release|x86.Build.0 = Release|Win32
	EndGlobalSection
	GlobalSection(SolutionProperties) = preSolution
		HideSolutionNode = FALSE
	EndGlobalSection
	GlobalSection(ExtensibilityGlobals) = postSolution
		SolutionGuid = {47A6D92B-C4F9-4439-BE04-E5C6DBD2E945}
	EndGlobalSection
EndGlobal
